
Microsoft Visual Studio Solution File, Format Version 12.00
# Visual Studio Version 17
VisualStudioVersion = 17.10.35027.167
MinimumVisualStudioVersion = 10.0.40219.1
Project("{FAE04EC0-301F-11D3-BF4B-00C04F79EFBC}") = "Ejercicio1", "Ejercicio1\Ejercicio1.csproj", "{81613454-1C63-48B4-90BD-18C41BCF788A}"
EndProject
Global
	GlobalSection(SolutionConfigurationPlatforms) = preSolution
		Debug|Any CPU = Debug|Any CPU
		Release|Any CPU = Release|Any CPU
	EndGlobalSection
	GlobalSection(ProjectConfigurationPlatforms) = postSolution
		{81613454-1C63-48B4-90BD-18C41BCF788A}.Debug|Any CPU.ActiveCfg = Debug|Any CPU
		{81613454-1C63-48B4-90BD-18C41BCF788A}.Debug|Any CPU.Build.0 = Debug|Any CPU
		{81613454-1C63-48B4-90BD-18C41BCF788A}.Release|Any CPU.ActiveCfg = Release|Any CPU
		{81613454-1C63-48B4-90BD-18C41BCF788A}.Release|Any CPU.Build.0 = Release|Any CPU
	EndGlobalSection
	GlobalSection(SolutionProperties) = preSolution
		HideSolutionNode = FALSE
	EndGlobalSection
	GlobalSection(ExtensibilityGlobals) = postSolution
		SolutionGuid = {7E0392EB-2AC7-4A31-9DC9-F8D670D434E3}
	EndGlobalSection
EndGlobal
